
Microsoft Visual Studio Solution File, Format Version 12.00
# Visual Studio Version 17
VisualStudioVersion = 17.0.31903.59
MinimumVisualStudioVersion = 10.0.40219.1
Project("{2150E333-8FDC-42A3-9474-1A3956D46DE8}") = "src", "src", "{827E0CD3-B72D-47B6-A68D-7590B98EB39B}"
EndProject
Project("{FAE04EC0-301F-11D3-BF4B-00C04F79EFBC}") = "CGv2.Core", "src\CGv2.Core\CGv2.Core.csproj", "{98377077-A80A-49DC-BABE-63CF027F4F01}"
EndProject
Project("{FAE04EC0-301F-11D3-BF4B-00C04F79EFBC}") = "CGv2.App", "src\CGv2.App\CGv2.App.csproj", "{0260845E-AFC9-4481-B077-F97C4FD37BCF}"
EndProject
Project("{2150E333-8FDC-42A3-9474-1A3956D46DE8}") = "tests", "tests", "{0AB3BF05-4346-4AA6-1389-037BE0695223}"
EndProject
Project("{FAE04EC0-301F-11D3-BF4B-00C04F79EFBC}") = "CGv2.Core.Tests", "tests\CGv2.Core.Tests\CGv2.Core.Tests.csproj", "{581ED4AB-1B0D-46D1-8E18-54CCE906D1BD}"
EndProject
Global
	GlobalSection(SolutionConfigurationPlatforms) = preSolution
		Debug|Any CPU = Debug|Any CPU
		Debug|x64 = Debug|x64
		Debug|x86 = Debug|x86
		Release|Any CPU = Release|Any CPU
		Release|x64 = Release|x64
		Release|x86 = Release|x86
	EndGlobalSection
	GlobalSection(ProjectConfigurationPlatforms) = postSolution
		{98377077-A80A-49DC-BABE-63CF027F4F01}.Debug|Any CPU.ActiveCfg = Debug|Any CPU
		{98377077-A80A-49DC-BABE-63CF027F4F01}.Debug|Any CPU.Build.0 = Debug|Any CPU
		{98377077-A80A-49DC-BABE-63CF027F4F01}.Debug|x64.ActiveCfg = Debug|Any CPU
		{98377077-A80A-49DC-BABE-63CF027F4F01}.Debug|x64.Build.0 = Debug|Any CPU
		{98377077-A80A-49DC-BABE-63CF027F4F01}.Debug|x86.ActiveCfg = Debug|Any CPU
		{98377077-A80A-49DC-BABE-63CF027F4F01}.Debug|x86.Build.0 = Debug|Any CPU
		{98377077-A80A-49DC-BABE-63CF027F4F01}.Release|Any CPU.ActiveCfg = Release|Any CPU
		{98377077-A80A-49DC-BABE-63CF027F4F01}.Release|Any CPU.Build.0 = Release|Any CPU
		{98377077-A80A-49DC-BABE-63CF027F4F01}.Release|x64.ActiveCfg = Release|Any CPU
		{98377077-A80A-49DC-BABE-63CF027F4F01}.Release|x64.Build.0 = Release|Any CPU
		{98377077-A80A-49DC-BABE-63CF027F4F01}.Release|x86.ActiveCfg = Release|Any CPU
		{98377077-A80A-49DC-BABE-63CF027F4F01}.Release|x86.Build.0 = Release|Any CPU
		{0260845E-AFC9-4481-B077-F97C4FD37BCF}.Debug|Any CPU.ActiveCfg = Debug|Any CPU
		{0260845E-AFC9-4481-B077-F97C4FD37BCF}.Debug|Any CPU.Build.0 = Debug|Any CPU
		{0260845E-AFC9-4481-B077-F97C4FD37BCF}.Debug|x64.ActiveCfg = Debug|Any CPU
		{0260845E-AFC9-4481-B077-F97C4FD37BCF}.Debug|x64.Build.0 = Debug|Any CPU
		{0260845E-AFC9-4481-B077-F97C4FD37BCF}.Debug|x86.ActiveCfg = Debug|Any CPU
		{0260845E-AFC9-4481-B077-F97C4FD37BCF}.Debug|x86.Build.0 = Debug|Any CPU
		{0260845E-AFC9-4481-B077-F97C4FD37BCF}.Release|Any CPU.ActiveCfg = Release|Any CPU
		{0260845E-AFC9-4481-B077-F97C4FD37BCF}.Release|Any CPU.Build.0 = Release|Any CPU
		{0260845E-AFC9-4481-B077-F97C4FD37BCF}.Release|x64.ActiveCfg = Release|Any CPU
		{0260845E-AFC9-4481-B077-F97C4FD37BCF}.Release|x64.Build.0 = Release|Any CPU
		{0260845E-AFC9-4481-B077-F97C4FD37BCF}.Release|x86.ActiveCfg = Release|Any CPU
		{0260845E-AFC9-4481-B077-F97C4FD37BCF}.Release|x86.Build.0 = Release|Any CPU
		{581ED4AB-1B0D-46D1-8E18-54CCE906D1BD}.Debug|Any CPU.ActiveCfg = Debug|Any CPU
		{581ED4AB-1B0D-46D1-8E18-54CCE906D1BD}.Debug|Any CPU.Build.0 = Debug|Any CPU
		{581ED4AB-1B0D-46D1-8E18-54CCE906D1BD}.Debug|x64.ActiveCfg = Debug|Any CPU
		{581ED4AB-1B0D-46D1-8E18-54CCE906D1BD}.Debug|x64.Build.0 = Debug|Any CPU
		{581ED4AB-1B0D-46D1-8E18-54CCE906D1BD}.Debug|x86.ActiveCfg = Debug|Any CPU
		{581ED4AB-1B0D-46D1-8E18-54CCE906D1BD}.Debug|x86.Build.0 = Debug|Any CPU
		{581ED4AB-1B0D-46D1-8E18-54CCE906D1BD}.Release|Any CPU.ActiveCfg = Release|Any CPU
		{581ED4AB-1B0D-46D1-8E18-54CCE906D1BD}.Release|Any CPU.Build.0 = Release|Any CPU
		{581ED4AB-1B0D-46D1-8E18-54CCE906D1BD}.Release|x64.ActiveCfg = Release|Any CPU
		{581ED4AB-1B0D-46D1-8E18-54CCE906D1BD}.Release|x64.Build.0 = Release|Any CPU
		{581ED4AB-1B0D-46D1-8E18-54CCE906D1BD}.Release|x86.ActiveCfg = Release|Any CPU
		{581ED4AB-1B0D-46D1-8E18-54CCE906D1BD}.Release|x86.Build.0 = Release|Any CPU
	EndGlobalSection
	GlobalSection(SolutionProperties) = preSolution
		HideSolutionNode = FALSE
	EndGlobalSection
	GlobalSection(NestedProjects) = preSolution
		{98377077-A80A-49DC-BABE-63CF027F4F01} = {827E0CD3-B72D-47B6-A68D-7590B98EB39B}
		{0260845E-AFC9-4481-B077-F97C4FD37BCF} = {827E0CD3-B72D-47B6-A68D-7590B98EB39B}
		{581ED4AB-1B0D-46D1-8E18-54CCE906D1BD} = {0AB3BF05-4346-4AA6-1389-037BE0695223}
	EndGlobalSection
EndGlobal
